
Microsoft Visual Studio Solution File, Format Version 11.00
# Visual C# Express 2010
Project("{FAE04EC0-301F-11D3-BF4B-00C04F79EFBC}") = "Minirechner_TFO_Melvin", "Minirechner_TFO_Melvin\Minirechner_TFO_Melvin.csproj", "{CC811B24-61C0-4AEE-BEA0-84C48D36B7D8}"
EndProject
Global
	GlobalSection(SolutionConfigurationPlatforms) = preSolution
		Debug|x86 = Debug|x86
		Release|x86 = Release|x86
	EndGlobalSection
	GlobalSection(ProjectConfigurationPlatforms) = postSolution
		{CC811B24-61C0-4AEE-BEA0-84C48D36B7D8}.Debug|x86.ActiveCfg = Debug|x86
		{CC811B24-61C0-4AEE-BEA0-84C48D36B7D8}.Debug|x86.Build.0 = Debug|x86
		{CC811B24-61C0-4AEE-BEA0-84C48D36B7D8}.Release|x86.ActiveCfg = Release|x86
		{CC811B24-61C0-4AEE-BEA0-84C48D36B7D8}.Release|x86.Build.0 = Release|x86
	EndGlobalSection
	GlobalSection(SolutionProperties) = preSolution
		HideSolutionNode = FALSE
	EndGlobalSection
EndGlobal
